
Microsoft Visual Studio Solution File, Format Version 12.00
Project("{FAE04EC0-301F-11D3-BF4B-00C04F79EFBC}") = "Formula", "Formula\Formula.csproj", "{8C6292F7-8433-4560-B190-60DAE1AFB124}"
EndProject
Project("{FAE04EC0-301F-11D3-BF4B-00C04F79EFBC}") = "FormulaTests", "FormulaTests\FormulaTests.csproj", "{2FCC2F90-8465-4356-AF55-FBDB04D02D57}"
EndProject
Global
	GlobalSection(SolutionConfigurationPlatforms) = preSolution
		Debug|Any CPU = Debug|Any CPU
		Release|Any CPU = Release|Any CPU
	EndGlobalSection
	GlobalSection(ProjectConfigurationPlatforms) = postSolution
		{8C6292F7-8433-4560-B190-60DAE1AFB124}.Debug|Any CPU.ActiveCfg = Debug|Any CPU
		{8C6292F7-8433-4560-B190-60DAE1AFB124}.Debug|Any CPU.Build.0 = Debug|Any CPU
		{8C6292F7-8433-4560-B190-60DAE1AFB124}.Release|Any CPU.ActiveCfg = Release|Any CPU
		{8C6292F7-8433-4560-B190-60DAE1AFB124}.Release|Any CPU.Build.0 = Release|Any CPU
		{2FCC2F90-8465-4356-AF55-FBDB04D02D57}.Debug|Any CPU.ActiveCfg = Debug|Any CPU
		{2FCC2F90-8465-4356-AF55-FBDB04D02D57}.Debug|Any CPU.Build.0 = Debug|Any CPU
		{2FCC2F90-8465-4356-AF55-FBDB04D02D57}.Release|Any CPU.ActiveCfg = Release|Any CPU
		{2FCC2F90-8465-4356-AF55-FBDB04D02D57}.Release|Any CPU.Build.0 = Release|Any CPU
	EndGlobalSection
EndGlobal
